
Microsoft Visual Studio Solution File, Format Version 11.00
# Visual Studio 2010
Project("{FAE04EC0-301F-11D3-BF4B-00C04F79EFBC}") = "StrongCutIn", "StrongCutIn.csproj", "{A942F70C-7D7B-48D4-950D-1FFB4F4784B9}"
EndProject
Global
	GlobalSection(SolutionConfigurationPlatforms) = preSolution
		Debug|x86 = Debug|x86
		Release|x86 = Release|x86
	EndGlobalSection
	GlobalSection(ProjectConfigurationPlatforms) = postSolution
		{A942F70C-7D7B-48D4-950D-1FFB4F4784B9}.Debug|x86.ActiveCfg = Debug|x86
		{A942F70C-7D7B-48D4-950D-1FFB4F4784B9}.Debug|x86.Build.0 = Debug|x86
		{A942F70C-7D7B-48D4-950D-1FFB4F4784B9}.Release|x86.ActiveCfg = Release|x86
		{A942F70C-7D7B-48D4-950D-1FFB4F4784B9}.Release|x86.Build.0 = Release|x86
	EndGlobalSection
	GlobalSection(SolutionProperties) = preSolution
		HideSolutionNode = FALSE
	EndGlobalSection
EndGlobal
